// !$*UTF8*$!
{
	archiveVersion = 1;
	classes = {
	};
	objectVersion = 55;
	objects = {

/* Begin PBXBuildFile section */
		B5652C4F2783CC120058BCFA /* AddToDoView.swift in Sources */ = {isa = PBXBuildFile; fileRef = B5652C4E2783CC120058BCFA /* AddToDoView.swift */; };
		B5704C7A2782689700CD0980 /* CoreDataCRUDApp.swift in Sources */ = {isa = PBXBuildFile; fileRef = B5704C792782689700CD0980 /* CoreDataCRUDApp.swift */; };
		B5704C7C2782689700CD0980 /* ContentView.swift in Sources */ = {isa = PBXBuildFile; fileRef = B5704C7B2782689700CD0980 /* ContentView.swift */; };
		B5704C7E2782689900CD0980 /* Assets.xcassets in Resources */ = {isa = PBXBuildFile; fileRef = B5704C7D2782689900CD0980 /* Assets.xcassets */; };
		B5704C812782689900CD0980 /* Preview Assets.xcassets in Resources */ = {isa = PBXBuildFile; fileRef = B5704C802782689900CD0980 /* Preview Assets.xcassets */; };
		B5704C8B2782689900CD0980 /* CoreDataCRUDTests.swift in Sources */ = {isa = PBXBuildFile; fileRef = B5704C8A2782689900CD0980 /* CoreDataCRUDTests.swift */; };
		B5704C952782689900CD0980 /* CoreDataCRUDUITests.swift in Sources */ = {isa = PBXBuildFile; fileRef = B5704C942782689900CD0980 /* CoreDataCRUDUITests.swift */; };
		B5704C972782689900CD0980 /* CoreDataCRUDUITestsLaunchTests.swift in Sources */ = {isa = PBXBuildFile; fileRef = B5704C962782689900CD0980 /* CoreDataCRUDUITestsLaunchTests.swift */; };
		B5704CA6278268C300CD0980 /* ToDoApp.swift in Sources */ = {isa = PBXBuildFile; fileRef = B5704CA5278268C300CD0980 /* ToDoApp.swift */; };
		B5704CA82782694400CD0980 /* ToDoAppViewModel.swift in Sources */ = {isa = PBXBuildFile; fileRef = B5704CA72782694400CD0980 /* ToDoAppViewModel.swift */; };
		B5704CAB27826A2100CD0980 /* ToDoAppModel.xcdatamodeld in Sources */ = {isa = PBXBuildFile; fileRef = B5704CA927826A2000CD0980 /* ToDoAppModel.xcdatamodeld */; };
		B5704CAD27826BE200CD0980 /* CoreDataManager.swift in Sources */ = {isa = PBXBuildFile; fileRef = B5704CAC27826BE200CD0980 /* CoreDataManager.swift */; };
/* End PBXBuildFile section */

/* Begin PBXContainerItemProxy section */
		B5704C872782689900CD0980 /* PBXContainerItemProxy */ = {
			isa = PBXContainerItemProxy;
			containerPortal = B5704C6E2782689700CD0980 /* Project object */;
			proxyType = 1;
			remoteGlobalIDString = B5704C752782689700CD0980;
			remoteInfo = CoreDataCRUD;
		};
		B5704C912782689900CD0980 /* PBXContainerItemProxy */ = {
			isa = PBXContainerItemProxy;
			containerPortal = B5704C6E2782689700CD0980 /* Project object */;
			proxyType = 1;
			remoteGlobalIDString = B5704C752782689700CD0980;
			remoteInfo = CoreDataCRUD;
		};
/* End PBXContainerItemProxy section */

/* Begin PBXFileReference section */
		B5652C4E2783CC120058BCFA /* AddToDoView.swift */ = {isa = PBXFileReference; lastKnownFileType = sourcecode.swift; path = AddToDoView.swift; sourceTree = "<group>"; };
		B5704C762782689700CD0980 /* CoreDataCRUD.app */ = {isa = PBXFileReference; explicitFileType = wrapper.application; includeInIndex = 0; path = CoreDataCRUD.app; sourceTree = BUILT_PRODUCTS_DIR; };
		B5704C792782689700CD0980 /* CoreDataCRUDApp.swift */ = {isa = PBXFileReference; lastKnownFileType = sourcecode.swift; path = CoreDataCRUDApp.swift; sourceTree = "<group>"; };
		B5704C7B2782689700CD0980 /* ContentView.swift */ = {isa = PBXFileReference; lastKnownFileType = sourcecode.swift; path = ContentView.swift; sourceTree = "<group>"; };
		B5704C7D2782689900CD0980 /* Assets.xcassets */ = {isa = PBXFileReference; lastKnownFileType = folder.assetcatalog; path = Assets.xcassets; sourceTree = "<group>"; };
		B5704C802782689900CD0980 /* Preview Assets.xcassets */ = {isa = PBXFileReference; lastKnownFileType = folder.assetcatalog; path = "Preview Assets.xcassets"; sourceTree = "<group>"; };
		B5704C862782689900CD0980 /* CoreDataCRUDTests.xctest */ = {isa = PBXFileReference; explicitFileType = wrapper.cfbundle; includeInIndex = 0; path = CoreDataCRUDTests.xctest; sourceTree = BUILT_PRODUCTS_DIR; };
		B5704C8A2782689900CD0980 /* CoreDataCRUDTests.swift */ = {isa = PBXFileReference; lastKnownFileType = sourcecode.swift; path = CoreDataCRUDTests.swift; sourceTree = "<group>"; };
		B5704C902782689900CD0980 /* CoreDataCRUDUITests.xctest */ = {isa = PBXFileReference; explicitFileType = wrapper.cfbundle; includeInIndex = 0; path = CoreDataCRUDUITests.xctest; sourceTree = BUILT_PRODUCTS_DIR; };
		B5704C942782689900CD0980 /* CoreDataCRUDUITests.swift */ = {isa = PBXFileReference; lastKnownFileType = sourcecode.swift; path = CoreDataCRUDUITests.swift; sourceTree = "<group>"; };
		B5704C962782689900CD0980 /* CoreDataCRUDUITestsLaunchTests.swift */ = {isa = PBXFileReference; lastKnownFileType = sourcecode.swift; path = CoreDataCRUDUITestsLaunchTests.swift; sourceTree = "<group>"; };
		B5704CA5278268C300CD0980 /* ToDoApp.swift */ = {isa = PBXFileReference; lastKnownFileType = sourcecode.swift; path = ToDoApp.swift; sourceTree = "<group>"; };
		B5704CA72782694400CD0980 /* ToDoAppViewModel.swift */ = {isa = PBXFileReference; lastKnownFileType = sourcecode.swift; path = ToDoAppViewModel.swift; sourceTree = "<group>"; };
		B5704CAA27826A2000CD0980 /* ToDoAppModel.xcdatamodel */ = {isa = PBXFileReference; lastKnownFileType = wrapper.xcdatamodel; path = ToDoAppModel.xcdatamodel; sourceTree = "<group>"; };
		B5704CAC27826BE200CD0980 /* CoreDataManager.swift */ = {isa = PBXFileReference; lastKnownFileType = sourcecode.swift; path = CoreDataManager.swift; sourceTree = "<group>"; };
/* End PBXFileReference section */

/* Begin PBXFrameworksBuildPhase section */
		B5704C732782689700CD0980 /* Frameworks */ = {
			isa = PBXFrameworksBuildPhase;
			buildActionMask = 2147483647;
			files = (
			);
			runOnlyForDeploymentPostprocessing = 0;
		};
		B5704C832782689900CD0980 /* Frameworks */ = {
			isa = PBXFrameworksBuildPhase;
			buildActionMask = 2147483647;
			files = (
			);
			runOnlyForDeploymentPostprocessing = 0;
		};
		B5704C8D2782689900CD0980 /* Frameworks */ = {
			isa = PBXFrameworksBuildPhase;
			buildActionMask = 2147483647;
			files = (
			);
			runOnlyForDeploymentPostprocessing = 0;
		};
/* End PBXFrameworksBuildPhase section */

/* Begin PBXGroup section */
		B5704C6D2782689700CD0980 = {
			isa = PBXGroup;
			children = (
				B5704C782782689700CD0980 /* CoreDataCRUD */,
				B5704C892782689900CD0980 /* CoreDataCRUDTests */,
				B5704C932782689900CD0980 /* CoreDataCRUDUITests */,
				B5704C772782689700CD0980 /* Products */,
			);
			sourceTree = "<group>";
		};
		B5704C772782689700CD0980 /* Products */ = {
			isa = PBXGroup;
			children = (
				B5704C762782689700CD0980 /* CoreDataCRUD.app */,
				B5704C862782689900CD0980 /* CoreDataCRUDTests.xctest */,
				B5704C902782689900CD0980 /* CoreDataCRUDUITests.xctest */,
			);
			name = Products;
			sourceTree = "<group>";
		};
		B5704C782782689700CD0980 /* CoreDataCRUD */ = {
			isa = PBXGroup;
			children = (
				B5704CA927826A2000CD0980 /* ToDoAppModel.xcdatamodeld */,
				B5704CA4278268B400CD0980 /* ViewModels */,
				B5704CA3278268A700CD0980 /* Views */,
				B5704C792782689700CD0980 /* CoreDataCRUDApp.swift */,
				B5704C7B2782689700CD0980 /* ContentView.swift */,
				B5704C7D2782689900CD0980 /* Assets.xcassets */,
				B5704C7F2782689900CD0980 /* Preview Content */,
				B5704CAC27826BE200CD0980 /* CoreDataManager.swift */,
			);
			path = CoreDataCRUD;
			sourceTree = "<group>";
		};
		B5704C7F2782689900CD0980 /* Preview Content */ = {
			isa = PBXGroup;
			children = (
				B5704C802782689900CD0980 /* Preview Assets.xcassets */,
			);
			path = "Preview Content";
			sourceTree = "<group>";
		};
		B5704C892782689900CD0980 /* CoreDataCRUDTests */ = {
			isa = PBXGroup;
			children = (
				B5704C8A2782689900CD0980 /* CoreDataCRUDTests.swift */,
			);
			path = CoreDataCRUDTests;
			sourceTree = "<group>";
		};
		B5704C932782689900CD0980 /* CoreDataCRUDUITests */ = {
			isa = PBXGroup;
			children = (
				B5704C942782689900CD0980 /* CoreDataCRUDUITests.swift */,
				B5704C962782689900CD0980 /* CoreDataCRUDUITestsLaunchTests.swift */,
			);
			path = CoreDataCRUDUITests;
			sourceTree = "<group>";
		};
		B5704CA3278268A700CD0980 /* Views */ = {
			isa = PBXGroup;
			children = (
				B5704CA5278268C300CD0980 /* ToDoApp.swift */,
				B5652C4E2783CC120058BCFA /* AddToDoView.swift */,
			);
			path = Views;
			sourceTree = "<group>";
		};
		B5704CA4278268B400CD0980 /* ViewModels */ = {
			isa = PBXGroup;
			children = (
				B5704CA72782694400CD0980 /* ToDoAppViewModel.swift */,
			);
			path = ViewModels;
			sourceTree = "<group>";
		};
/* End PBXGroup section */

/* Begin PBXNativeTarget section */
		B5704C752782689700CD0980 /* CoreDataCRUD */ = {
			isa = PBXNativeTarget;
			buildConfigurationList = B5704C9A2782689900CD0980 /* Build configuration list for PBXNativeTarget "CoreDataCRUD" */;
			buildPhases = (
				B5704C722782689700CD0980 /* Sources */,
				B5704C732782689700CD0980 /* Frameworks */,
				B5704C742782689700CD0980 /* Resources */,
			);
			buildRules = (
			);
			dependencies = (
			);
			name = CoreDataCRUD;
			productName = CoreDataCRUD;
			productReference = B5704C762782689700CD0980 /* CoreDataCRUD.app */;
			productType = "com.apple.product-type.application";
		};
		B5704C852782689900CD0980 /* CoreDataCRUDTests */ = {
			isa = PBXNativeTarget;
			buildConfigurationList = B5704C9D2782689900CD0980 /* Build configuration list for PBXNativeTarget "CoreDataCRUDTests" */;
			buildPhases = (
				B5704C822782689900CD0980 /* Sources */,
				B5704C832782689900CD0980 /* Frameworks */,
				B5704C842782689900CD0980 /* Resources */,
			);
			buildRules = (
			);
			dependencies = (
				B5704C882782689900CD0980 /* PBXTargetDependency */,
			);
			name = CoreDataCRUDTests;
			productName = CoreDataCRUDTests;
			productReference = B5704C862782689900CD0980 /* CoreDataCRUDTests.xctest */;
			productType = "com.apple.product-type.bundle.unit-test";
		};
		B5704C8F2782689900CD0980 /* CoreDataCRUDUITests */ = {
			isa = PBXNativeTarget;
			buildConfigurationList = B5704CA02782689900CD0980 /* Build configuration list for PBXNativeTarget "CoreDataCRUDUITests" */;
			buildPhases = (
				B5704C8C2782689900CD0980 /* Sources */,
				B5704C8D2782689900CD0980 /* Frameworks */,
				B5704C8E2782689900CD0980 /* Resources */,
			);
			buildRules = (
			);
			dependencies = (
				B5704C922782689900CD0980 /* PBXTargetDependency */,
			);
			name = CoreDataCRUDUITests;
			productName = CoreDataCRUDUITests;
			productReference = B5704C902782689900CD0980 /* CoreDataCRUDUITests.xctest */;
			productType = "com.apple.product-type.bundle.ui-testing";
		};
/* End PBXNativeTarget section */

/* Begin PBXProject section */
		B5704C6E2782689700CD0980 /* Project object */ = {
			isa = PBXProject;
			attributes = {
				BuildIndependentTargetsInParallel = 1;
				LastSwiftUpdateCheck = 1300;
				LastUpgradeCheck = 1300;
				TargetAttributes = {
					B5704C752782689700CD0980 = {
						CreatedOnToolsVersion = 13.0;
					};
					B5704C852782689900CD0980 = {
						CreatedOnToolsVersion = 13.0;
						TestTargetID = B5704C752782689700CD0980;
					};
					B5704C8F2782689900CD0980 = {
						CreatedOnToolsVersion = 13.0;
						TestTargetID = B5704C752782689700CD0980;
					};
				};
			};
			buildConfigurationList = B5704C712782689700CD0980 /* Build configuration list for PBXProject "CoreDataCRUD" */;
			compatibilityVersion = "Xcode 13.0";
			developmentRegion = en;
			hasScannedForEncodings = 0;
			knownRegions = (
				en,
				Base,
			);
			mainGroup = B5704C6D2782689700CD0980;
			productRefGroup = B5704C772782689700CD0980 /* Products */;
			projectDirPath = "";
			projectRoot = "";
			targets = (
				B5704C752782689700CD0980 /* CoreDataCRUD */,
				B5704C852782689900CD0980 /* CoreDataCRUDTests */,
				B5704C8F2782689900CD0980 /* CoreDataCRUDUITests */,
			);
		};
/* End PBXProject section */

/* Begin PBXResourcesBuildPhase section */
		B5704C742782689700CD0980 /* Resources */ = {
			isa = PBXResourcesBuildPhase;
			buildActionMask = 2147483647;
			files = (
				B5704C812782689900CD0980 /* Preview Assets.xcassets in Resources */,
				B5704C7E2782689900CD0980 /* Assets.xcassets in Resources */,
			);
			runOnlyForDeploymentPostprocessing = 0;
		};
		B5704C842782689900CD0980 /* Resources */ = {
			isa = PBXResourcesBuildPhase;
			buildActionMask = 2147483647;
			files = (
			);
			runOnlyForDeploymentPostprocessing = 0;
		};
		B5704C8E2782689900CD0980 /* Resources */ = {
			isa = PBXResourcesBuildPhase;
			buildActionMask = 2147483647;
			files = (
			);
			runOnlyForDeploymentPostprocessing = 0;
		};
/* End PBXResourcesBuildPhase section */

/* Begin PBXSourcesBuildPhase section */
		B5704C722782689700CD0980 /* Sources */ = {
			isa = PBXSourcesBuildPhase;
			buildActionMask = 2147483647;
			files = (
				B5704CAD27826BE200CD0980 /* CoreDataManager.swift in Sources */,
				B5704CA82782694400CD0980 /* ToDoAppViewModel.swift in Sources */,
				B5704CAB27826A2100CD0980 /* ToDoAppModel.xcdatamodeld in Sources */,
				B5704CA6278268C300CD0980 /* ToDoApp.swift in Sources */,
				B5652C4F2783CC120058BCFA /* AddToDoView.swift in Sources */,
				B5704C7C2782689700CD0980 /* ContentView.swift in Sources */,
				B5704C7A2782689700CD0980 /* CoreDataCRUDApp.swift in Sources */,
			);
			runOnlyForDeploymentPostprocessing = 0;
		};
		B5704C822782689900CD0980 /* Sources */ = {
			isa = PBXSourcesBuildPhase;
			buildActionMask = 2147483647;
			files = (
				B5704C8B2782689900CD0980 /* CoreDataCRUDTests.swift in Sources */,
			);
			runOnlyForDeploymentPostprocessing = 0;
		};
		B5704C8C2782689900CD0980 /* Sources */ = {
			isa = PBXSourcesBuildPhase;
			buildActionMask = 2147483647;
			files = (
				B5704C952782689900CD0980 /* CoreDataCRUDUITests.swift in Sources */,
				B5704C972782689900CD0980 /* CoreDataCRUDUITestsLaunchTests.swift in Sources */,
			);
			runOnlyForDeploymentPostprocessing = 0;
		};
/* End PBXSourcesBuildPhase section */

/* Begin PBXTargetDependency section */
		B5704C882782689900CD0980 /* PBXTargetDependency */ = {
			isa = PBXTargetDependency;
			target = B5704C752782689700CD0980 /* CoreDataCRUD */;
			targetProxy = B5704C872782689900CD0980 /* PBXContainerItemProxy */;
		};
		B5704C922782689900CD0980 /* PBXTargetDependency */ = {
			isa = PBXTargetDependency;
			target = B5704C752782689700CD0980 /* CoreDataCRUD */;
			targetProxy = B5704C912782689900CD0980 /* PBXContainerItemProxy */;
		};
/* End PBXTargetDependency section */

/* Begin XCBuildConfiguration section */
		B5704C982782689900CD0980 /* Debug */ = {
			isa = XCBuildConfiguration;
			buildSettings = {
				ALWAYS_SEARCH_USER_PATHS = NO;
				CLANG_ANALYZER_NONNULL = YES;
				CLANG_ANALYZER_NUMBER_OBJECT_CONVERSION = YES_AGGRESSIVE;
				CLANG_CXX_LANGUAGE_STANDARD = "gnu++17";
				CLANG_CXX_LIBRARY = "libc++";
				CLANG_ENABLE_MODULES = YES;
				CLANG_ENABLE_OBJC_ARC = YES;
				CLANG_ENABLE_OBJC_WEAK = YES;
				CLANG_WARN_BLOCK_CAPTURE_AUTORELEASING = YES;
				CLANG_WARN_BOOL_CONVERSION = YES;
				CLANG_WARN_COMMA = YES;
				CLANG_WARN_CONSTANT_CONVERSION = YES;
				CLANG_WARN_DEPRECATED_OBJC_IMPLEMENTATIONS = YES;
				CLANG_WARN_DIRECT_OBJC_ISA_USAGE = YES_ERROR;
				CLANG_WARN_DOCUMENTATION_COMMENTS = YES;
				CLANG_WARN_EMPTY_BODY = YES;
				CLANG_WARN_ENUM_CONVERSION = YES;
				CLANG_WARN_INFINITE_RECURSION = YES;
				CLANG_WARN_INT_CONVERSION = YES;
				CLANG_WARN_NON_LITERAL_NULL_CONVERSION = YES;
				CLANG_WARN_OBJC_IMPLICIT_RETAIN_SELF = YES;
				CLANG_WARN_OBJC_LITERAL_CONVERSION = YES;
				CLANG_WARN_OBJC_ROOT_CLASS = YES_ERROR;
				CLANG_WARN_QUOTED_INCLUDE_IN_FRAMEWORK_HEADER = YES;
				CLANG_WARN_RANGE_LOOP_ANALYSIS = YES;
				CLANG_WARN_STRICT_PROTOTYPES = YES;
				CLANG_WARN_SUSPICIOUS_MOVE = YES;
				CLANG_WARN_UNGUARDED_AVAILABILITY = YES_AGGRESSIVE;
				CLANG_WARN_UNREACHABLE_CODE = YES;
				CLANG_WARN__DUPLICATE_METHOD_MATCH = YES;
				COPY_PHASE_STRIP = NO;
				DEBUG_INFORMATION_FORMAT = dwarf;
				ENABLE_STRICT_OBJC_MSGSEND = YES;
				ENABLE_TESTABILITY = YES;
				GCC_C_LANGUAGE_STANDARD = gnu11;
				GCC_DYNAMIC_NO_PIC = NO;
				GCC_NO_COMMON_BLOCKS = YES;
				GCC_OPTIMIZATION_LEVEL = 0;
				GCC_PREPROCESSOR_DEFINITIONS = (
					"DEBUG=1",
					"$(inherited)",
				);
				GCC_WARN_64_TO_32_BIT_CONVERSION = YES;
				GCC_WARN_ABOUT_RETURN_TYPE = YES_ERROR;
				GCC_WARN_UNDECLARED_SELECTOR = YES;
				GCC_WARN_UNINITIALIZED_AUTOS = YES_AGGRESSIVE;
				GCC_WARN_UNUSED_FUNCTION = YES;
				GCC_WARN_UNUSED_VARIABLE = YES;
				IPHONEOS_DEPLOYMENT_TARGET = 15.0;
				MTL_ENABLE_DEBUG_INFO = INCLUDE_SOURCE;
				MTL_FAST_MATH = YES;
				ONLY_ACTIVE_ARCH = YES;
				SDKROOT = iphoneos;
				SWIFT_ACTIVE_COMPILATION_CONDITIONS = DEBUG;
				SWIFT_OPTIMIZATION_LEVEL = "-Onone";
			};
			name = Debug;
		};
		B5704C992782689900CD0980 /* Release */ = {
			isa = XCBuildConfiguration;
			buildSettings = {
				ALWAYS_SEARCH_USER_PATHS = NO;
				CLANG_ANALYZER_NONNULL = YES;
				CLANG_ANALYZER_NUMBER_OBJECT_CONVERSION = YES_AGGRESSIVE;
				CLANG_CXX_LANGUAGE_STANDARD = "gnu++17";
				CLANG_CXX_LIBRARY = "libc++";
				CLANG_ENABLE_MODULES = YES;
				CLANG_ENABLE_OBJC_ARC = YES;
				CLANG_ENABLE_OBJC_WEAK = YES;
				CLANG_WARN_BLOCK_CAPTURE_AUTORELEASING = YES;
				CLANG_WARN_BOOL_CONVERSION = YES;
				CLANG_WARN_COMMA = YES;
				CLANG_WARN_CONSTANT_CONVERSION = YES;
				CLANG_WARN_DEPRECATED_OBJC_IMPLEMENTATIONS = YES;
				CLANG_WARN_DIRECT_OBJC_ISA_USAGE = YES_ERROR;
				CLANG_WARN_DOCUMENTATION_COMMENTS = YES;
				CLANG_WARN_EMPTY_BODY = YES;
				CLANG_WARN_ENUM_CONVERSION = YES;
				CLANG_WARN_INFINITE_RECURSION = YES;
				CLANG_WARN_INT_CONVERSION = YES;
				CLANG_WARN_NON_LITERAL_NULL_CONVERSION = YES;
				CLANG_WARN_OBJC_IMPLICIT_RETAIN_SELF = YES;
				CLANG_WARN_OBJC_LITERAL_CONVERSION = YES;
				CLANG_WARN_OBJC_ROOT_CLASS = YES_ERROR;
				CLANG_WARN_QUOTED_INCLUDE_IN_FRAMEWORK_HEADER = YES;
				CLANG_WARN_RANGE_LOOP_ANALYSIS = YES;
				CLANG_WARN_STRICT_PROTOTYPES = YES;
				CLANG_WARN_SUSPICIOUS_MOVE = YES;
				CLANG_WARN_UNGUARDED_AVAILABILITY = YES_AGGRESSIVE;
				CLANG_WARN_UNREACHABLE_CODE = YES;
				CLANG_WARN__DUPLICATE_METHOD_MATCH = YES;
				COPY_PHASE_STRIP = NO;
				DEBUG_INFORMATION_FORMAT = "dwarf-with-dsym";
				ENABLE_NS_ASSERTIONS = NO;
				ENABLE_STRICT_OBJC_MSGSEND = YES;
				GCC_C_LANGUAGE_STANDARD = gnu11;
				GCC_NO_COMMON_BLOCKS = YES;
				GCC_WARN_64_TO_32_BIT_CONVERSION = YES;
				GCC_WARN_ABOUT_RETURN_TYPE = YES_ERROR;
				GCC_WARN_UNDECLARED_SELECTOR = YES;
				GCC_WARN_UNINITIALIZED_AUTOS = YES_AGGRESSIVE;
				GCC_WARN_UNUSED_FUNCTION = YES;
				GCC_WARN_UNUSED_VARIABLE = YES;
				IPHONEOS_DEPLOYMENT_TARGET = 15.0;
				MTL_ENABLE_DEBUG_INFO = NO;
				MTL_FAST_MATH = YES;
				SDKROOT = iphoneos;
				SWIFT_COMPILATION_MODE = wholemodule;
				SWIFT_OPTIMIZATION_LEVEL = "-O";
				VALIDATE_PRODUCT = YES;
			};
			name = Release;
		};
		B5704C9B2782689900CD0980 /* Debug */ = {
			isa = XCBuildConfiguration;
			buildSettings = {
				ASSETCATALOG_COMPILER_APPICON_NAME = AppIcon;
				ASSETCATALOG_COMPILER_GLOBAL_ACCENT_COLOR_NAME = AccentColor;
				CODE_SIGN_STYLE = Automatic;
				CURRENT_PROJECT_VERSION = 1;
				DEVELOPMENT_ASSET_PATHS = "\"CoreDataCRUD/Preview Content\"";
				DEVELOPMENT_TEAM = DP35G3JNX9;
				ENABLE_PREVIEWS = YES;
				GENERATE_INFOPLIST_FILE = YES;
				INFOPLIST_KEY_UIApplicationSceneManifest_Generation = YES;
				INFOPLIST_KEY_UIApplicationSupportsIndirectInputEvents = YES;
				INFOPLIST_KEY_UILaunchScreen_Generation = YES;
				INFOPLIST_KEY_UISupportedInterfaceOrientations_iPad = "UIInterfaceOrientationPortrait UIInterfaceOrientationPortraitUpsideDown UIInterfaceOrientationLandscapeLeft UIInterfaceOrientationLandscapeRight";
				INFOPLIST_KEY_UISupportedInterfaceOrientations_iPhone = "UIInterfaceOrientationPortrait UIInterfaceOrientationLandscapeLeft UIInterfaceOrientationLandscapeRight";
				IPHONEOS_DEPLOYMENT_TARGET = 14.0;
				LD_RUNPATH_SEARCH_PATHS = (
					"$(inherited)",
					"@executable_path/Frameworks",
				);
				MARKETING_VERSION = 1.0;
				PRODUCT_BUNDLE_IDENTIFIER = com.abdullahridwan.CoreDataCRUD;
				PRODUCT_NAME = "$(TARGET_NAME)";
				SWIFT_EMIT_LOC_STRINGS = YES;
				SWIFT_VERSION = 5.0;
				TARGETED_DEVICE_FAMILY = "1,2";
			};
			name = Debug;
		};
		B5704C9C2782689900CD0980 /* Release */ = {
			isa = XCBuildConfiguration;
			buildSettings = {
				ASSETCATALOG_COMPILER_APPICON_NAME = AppIcon;
				ASSETCATALOG_COMPILER_GLOBAL_ACCENT_COLOR_NAME = AccentColor;
				CODE_SIGN_STYLE = Automatic;
				CURRENT_PROJECT_VERSION = 1;
				DEVELOPMENT_ASSET_PATHS = "\"CoreDataCRUD/Preview Content\"";
				DEVELOPMENT_TEAM = DP35G3JNX9;
				ENABLE_PREVIEWS = YES;
				GENERATE_INFOPLIST_FILE = YES;
				INFOPLIST_KEY_UIApplicationSceneManifest_Generation = YES;
				INFOPLIST_KEY_UIApplicationSupportsIndirectInputEvents = YES;
				INFOPLIST_KEY_UILaunchScreen_Generation = YES;
				INFOPLIST_KEY_UISupportedInterfaceOrientations_iPad = "UIInterfaceOrientationPortrait UIInterfaceOrientationPortraitUpsideDown UIInterfaceOrientationLandscapeLeft UIInterfaceOrientationLandscapeRight";
				INFOPLIST_KEY_UISupportedInterfaceOrientations_iPhone = "UIInterfaceOrientationPortrait UIInterfaceOrientationLandscapeLeft UIInterfaceOrientationLandscapeRight";
				IPHONEOS_DEPLOYMENT_TARGET = 14.0;
				LD_RUNPATH_SEARCH_PATHS = (
					"$(inherited)",
					"@executable_path/Frameworks",
				);
				MARKETING_VERSION = 1.0;
				PRODUCT_BUNDLE_IDENTIFIER = com.abdullahridwan.CoreDataCRUD;
				PRODUCT_NAME = "$(TARGET_NAME)";
				SWIFT_EMIT_LOC_STRINGS = YES;
				SWIFT_VERSION = 5.0;
				TARGETED_DEVICE_FAMILY = "1,2";
			};
			name = Release;
		};
		B5704C9E2782689900CD0980 /* Debug */ = {
			isa = XCBuildConfiguration;
			buildSettings = {
				ALWAYS_EMBED_SWIFT_STANDARD_LIBRARIES = YES;
				BUNDLE_LOADER = "$(TEST_HOST)";
				CODE_SIGN_STYLE = Automatic;
				CURRENT_PROJECT_VERSION = 1;
				DEVELOPMENT_TEAM = DP35G3JNX9;
				GENERATE_INFOPLIST_FILE = YES;
				IPHONEOS_DEPLOYMENT_TARGET = 14.0;
				LD_RUNPATH_SEARCH_PATHS = (
					"$(inherited)",
					"@executable_path/Frameworks",
					"@loader_path/Frameworks",
				);
				MARKETING_VERSION = 1.0;
				PRODUCT_BUNDLE_IDENTIFIER = com.abdullahridwan.CoreDataCRUDTests;
				PRODUCT_NAME = "$(TARGET_NAME)";
				SWIFT_EMIT_LOC_STRINGS = NO;
				SWIFT_VERSION = 5.0;
				TARGETED_DEVICE_FAMILY = "1,2";
				TEST_HOST = "$(BUILT_PRODUCTS_DIR)/CoreDataCRUD.app/CoreDataCRUD";
			};
			name = Debug;
		};
		B5704C9F2782689900CD0980 /* Release */ = {
			isa = XCBuildConfiguration;
			buildSettings = {
				ALWAYS_EMBED_SWIFT_STANDARD_LIBRARIES = YES;
				BUNDLE_LOADER = "$(TEST_HOST)";
				CODE_SIGN_STYLE = Automatic;
				CURRENT_PROJECT_VERSION = 1;
				DEVELOPMENT_TEAM = DP35G3JNX9;
				GENERATE_INFOPLIST_FILE = YES;
				IPHONEOS_DEPLOYMENT_TARGET = 14.0;
				LD_RUNPATH_SEARCH_PATHS = (
					"$(inherited)",
					"@executable_path/Frameworks",
					"@loader_path/Frameworks",
				);
				MARKETING_VERSION = 1.0;
				PRODUCT_BUNDLE_IDENTIFIER = com.abdullahridwan.CoreDataCRUDTests;
				PRODUCT_NAME = "$(TARGET_NAME)";
				SWIFT_EMIT_LOC_STRINGS = NO;
				SWIFT_VERSION = 5.0;
				TARGETED_DEVICE_FAMILY = "1,2";
				TEST_HOST = "$(BUILT_PRODUCTS_DIR)/CoreDataCRUD.app/CoreDataCRUD";
			};
			name = Release;
		};
		B5704CA12782689900CD0980 /* Debug */ = {
			isa = XCBuildConfiguration;
			buildSettings = {
				ALWAYS_EMBED_SWIFT_STANDARD_LIBRARIES = YES;
				CODE_SIGN_STYLE = Automatic;
				CURRENT_PROJECT_VERSION = 1;
				DEVELOPMENT_TEAM = DP35G3JNX9;
				GENERATE_INFOPLIST_FILE = YES;
				LD_RUNPATH_SEARCH_PATHS = (
					"$(inherited)",
					"@executable_path/Frameworks",
					"@loader_path/Frameworks",
				);
				MARKETING_VERSION = 1.0;
				PRODUCT_BUNDLE_IDENTIFIER = com.abdullahridwan.CoreDataCRUDUITests;
				PRODUCT_NAME = "$(TARGET_NAME)";
				SWIFT_EMIT_LOC_STRINGS = NO;
				SWIFT_VERSION = 5.0;
				TARGETED_DEVICE_FAMILY = "1,2";
				TEST_TARGET_NAME = CoreDataCRUD;
			};
			name = Debug;
		};
		B5704CA22782689900CD0980 /* Release */ = {
			isa = XCBuildConfiguration;
			buildSettings = {
				ALWAYS_EMBED_SWIFT_STANDARD_LIBRARIES = YES;
				CODE_SIGN_STYLE = Automatic;
				CURRENT_PROJECT_VERSION = 1;
				DEVELOPMENT_TEAM = DP35G3JNX9;
				GENERATE_INFOPLIST_FILE = YES;
				LD_RUNPATH_SEARCH_PATHS = (
					"$(inherited)",
					"@executable_path/Frameworks",
					"@loader_path/Frameworks",
				);
				MARKETING_VERSION = 1.0;
				PRODUCT_BUNDLE_IDENTIFIER = com.abdullahridwan.CoreDataCRUDUITests;
				PRODUCT_NAME = "$(TARGET_NAME)";
				SWIFT_EMIT_LOC_STRINGS = NO;
				SWIFT_VERSION = 5.0;
				TARGETED_DEVICE_FAMILY = "1,2";
				TEST_TARGET_NAME = CoreDataCRUD;
			};
			name = Release;
		};
/* End XCBuildConfiguration section */

/* Begin XCConfigurationList section */
		B5704C712782689700CD0980 /* Build configuration list for PBXProject "CoreDataCRUD" */ = {
			isa = XCConfigurationList;
			buildConfigurations = (
				B5704C982782689900CD0980 /* Debug */,
				B5704C992782689900CD0980 /* Release */,
			);
			defaultConfigurationIsVisible = 0;
			defaultConfigurationName = Release;
		};
		B5704C9A2782689900CD0980 /* Build configuration list for PBXNativeTarget "CoreDataCRUD" */ = {
			isa = XCConfigurationList;
			buildConfigurations = (
				B5704C9B2782689900CD0980 /* Debug */,
				B5704C9C2782689900CD0980 /* Release */,
			);
			defaultConfigurationIsVisible = 0;
			defaultConfigurationName = Release;
		};
		B5704C9D2782689900CD0980 /* Build configuration list for PBXNativeTarget "CoreDataCRUDTests" */ = {
			isa = XCConfigurationList;
			buildConfigurations = (
				B5704C9E2782689900CD0980 /* Debug */,
				B5704C9F2782689900CD0980 /* Release */,
			);
			defaultConfigurationIsVisible = 0;
			defaultConfigurationName = Release;
		};
		B5704CA02782689900CD0980 /* Build configuration list for PBXNativeTarget "CoreDataCRUDUITests" */ = {
			isa = XCConfigurationList;
			buildConfigurations = (
				B5704CA12782689900CD0980 /* Debug */,
				B5704CA22782689900CD0980 /* Release */,
			);
			defaultConfigurationIsVisible = 0;
			defaultConfigurationName = Release;
		};
/* End XCConfigurationList section */

/* Begin XCVersionGroup section */
		B5704CA927826A2000CD0980 /* ToDoAppModel.xcdatamodeld */ = {
			isa = XCVersionGroup;
			children = (
				B5704CAA27826A2000CD0980 /* ToDoAppModel.xcdatamodel */,
			);
			currentVersion = B5704CAA27826A2000CD0980 /* ToDoAppModel.xcdatamodel */;
			path = ToDoAppModel.xcdatamodeld;
			sourceTree = "<group>";
			versionGroupType = wrapper.xcdatamodel;
		};
/* End XCVersionGroup section */
	};
	rootObject = B5704C6E2782689700CD0980 /* Project object */;
}
